// !$*UTF8*$!
{
	archiveVersion = 1;
	classes = {
	};
	objectVersion = 46;
	objects = {

/* Begin PBXBuildFile section */
		9DEDE8281E6D217B00430E85 /* AppDelegate.swift in Sources */ = {isa = PBXBuildFile; fileRef = 9DEDE8271E6D217B00430E85 /* AppDelegate.swift */; };
		9DEDE82A1E6D217B00430E85 /* ViewController.swift in Sources */ = {isa = PBXBuildFile; fileRef = 9DEDE8291E6D217B00430E85 /* ViewController.swift */; };
		9DEDE82D1E6D217B00430E85 /* Main.storyboard in Resources */ = {isa = PBXBuildFile; fileRef = 9DEDE82B1E6D217B00430E85 /* Main.storyboard */; };
		9DEDE8301E6D217B00430E85 /* CS247.xcdatamodeld in Sources */ = {isa = PBXBuildFile; fileRef = 9DEDE82E1E6D217B00430E85 /* CS247.xcdatamodeld */; };
		9DEDE8321E6D217B00430E85 /* Assets.xcassets in Resources */ = {isa = PBXBuildFile; fileRef = 9DEDE8311E6D217B00430E85 /* Assets.xcassets */; };
		9DEDE8351E6D217B00430E85 /* LaunchScreen.storyboard in Resources */ = {isa = PBXBuildFile; fileRef = 9DEDE8331E6D217B00430E85 /* LaunchScreen.storyboard */; };
/* End PBXBuildFile section */

/* Begin PBXFileReference section */
		9DEDE8241E6D217B00430E85 /* CS247.app */ = {isa = PBXFileReference; explicitFileType = wrapper.application; includeInIndex = 0; path = CS247.app; sourceTree = BUILT_PRODUCTS_DIR; };
		9DEDE8271E6D217B00430E85 /* AppDelegate.swift */ = {isa = PBXFileReference; lastKnownFileType = sourcecode.swift; path = AppDelegate.swift; sourceTree = "<group>"; };
		9DEDE8291E6D217B00430E85 /* ViewController.swift */ = {isa = PBXFileReference; lastKnownFileType = sourcecode.swift; path = ViewController.swift; sourceTree = "<group>"; };
		9DEDE82C1E6D217B00430E85 /* Base */ = {isa = PBXFileReference; lastKnownFileType = file.storyboard; name = Base; path = Base.lproj/Main.storyboard; sourceTree = "<group>"; };
		9DEDE82F1E6D217B00430E85 /* CS247.xcdatamodel */ = {isa = PBXFileReference; lastKnownFileType = wrapper.xcdatamodel; path = CS247.xcdatamodel; sourceTree = "<group>"; };
		9DEDE8311E6D217B00430E85 /* Assets.xcassets */ = {isa = PBXFileReference; lastKnownFileType = folder.assetcatalog; path = Assets.xcassets; sourceTree = "<group>"; };
		9DEDE8341E6D217B00430E85 /* Base */ = {isa = PBXFileReference; lastKnownFileType = file.storyboard; name = Base; path = Base.lproj/LaunchScreen.storyboard; sourceTree = "<group>"; };
		9DEDE8361E6D217B00430E85 /* Info.plist */ = {isa = PBXFileReference; lastKnownFileType = text.plist.xml; path = Info.plist; sourceTree = "<group>"; };
/* End PBXFileReference section */

/* Begin PBXFrameworksBuildPhase section */
		9DEDE8211E6D217B00430E85 /* Frameworks */ = {
			isa = PBXFrameworksBuildPhase;
			buildActionMask = 2147483647;
			files = (
			);
			runOnlyForDeploymentPostprocessing = 0;
		};
/* End PBXFrameworksBuildPhase section */

/* Begin PBXGroup section */
		9DEDE81B1E6D217B00430E85 = {
			isa = PBXGroup;
			children = (
				9DEDE8261E6D217B00430E85 /* CS247 */,
				9DEDE8251E6D217B00430E85 /* Products */,
			);
			sourceTree = "<group>";
		};
		9DEDE8251E6D217B00430E85 /* Products */ = {
			isa = PBXGroup;
			children = (
				9DEDE8241E6D217B00430E85 /* CS247.app */,
			);
			name = Products;
			sourceTree = "<group>";
		};
		9DEDE8261E6D217B00430E85 /* CS247 */ = {
			isa = PBXGroup;
			children = (
				9DEDE8271E6D217B00430E85 /* AppDelegate.swift */,
				9DEDE8291E6D217B00430E85 /* ViewController.swift */,
				9DEDE82B1E6D217B00430E85 /* Main.storyboard */,
				9DEDE8311E6D217B00430E85 /* Assets.xcassets */,
				9DEDE8331E6D217B00430E85 /* LaunchScreen.storyboard */,
				9DEDE8361E6D217B00430E85 /* Info.plist */,
				9DEDE82E1E6D217B00430E85 /* CS247.xcdatamodeld */,
			);
			path = CS247;
			sourceTree = "<group>";
		};
/* End PBXGroup section */

/* Begin PBXNativeTarget section */
		9DEDE8231E6D217B00430E85 /* CS247 */ = {
			isa = PBXNativeTarget;
			buildConfigurationList = 9DEDE8391E6D217B00430E85 /* Build configuration list for PBXNativeTarget "CS247" */;
			buildPhases = (
				9DEDE8201E6D217B00430E85 /* Sources */,
				9DEDE8211E6D217B00430E85 /* Frameworks */,
				9DEDE8221E6D217B00430E85 /* Resources */,
			);
			buildRules = (
			);
			dependencies = (
			);
			name = CS247;
			productName = CS247;
			productReference = 9DEDE8241E6D217B00430E85 /* CS247.app */;
			productType = "com.apple.product-type.application";
		};
/* End PBXNativeTarget section */

/* Begin PBXProject section */
		9DEDE81C1E6D217B00430E85 /* Project object */ = {
			isa = PBXProject;
			attributes = {
				LastSwiftUpdateCheck = 0820;
				LastUpgradeCheck = 0820;
				ORGANIZATIONNAME = Stanford;
				TargetAttributes = {
					9DEDE8231E6D217B00430E85 = {
						CreatedOnToolsVersion = 8.2.1;
						ProvisioningStyle = Automatic;
					};
				};
			};
			buildConfigurationList = 9DEDE81F1E6D217B00430E85 /* Build configuration list for PBXProject "CS247" */;
			compatibilityVersion = "Xcode 3.2";
			developmentRegion = English;
			hasScannedForEncodings = 0;
			knownRegions = (
				en,
				Base,
			);
			mainGroup = 9DEDE81B1E6D217B00430E85;
			productRefGroup = 9DEDE8251E6D217B00430E85 /* Products */;
			projectDirPath = "";
			projectRoot = "";
			targets = (
				9DEDE8231E6D217B00430E85 /* CS247 */,
			);
		};
/* End PBXProject section */

/* Begin PBXResourcesBuildPhase section */
		9DEDE8221E6D217B00430E85 /* Resources */ = {
			isa = PBXResourcesBuildPhase;
			buildActionMask = 2147483647;
			files = (
				9DEDE8351E6D217B00430E85 /* LaunchScreen.storyboard in Resources */,
				9DEDE8321E6D217B00430E85 /* Assets.xcassets in Resources */,
				9DEDE82D1E6D217B00430E85 /* Main.storyboard in Resources */,
			);
			runOnlyForDeploymentPostprocessing = 0;
		};
/* End PBXResourcesBuildPhase section */

/* Begin PBXSourcesBuildPhase section */
		9DEDE8201E6D217B00430E85 /* Sources */ = {
			isa = PBXSourcesBuildPhase;
			buildActionMask = 2147483647;
			files = (
				9DEDE8301E6D217B00430E85 /* CS247.xcdatamodeld in Sources */,
				9DEDE82A1E6D217B00430E85 /* ViewController.swift in Sources */,
				9DEDE8281E6D217B00430E85 /* AppDelegate.swift in Sources */,
			);
			runOnlyForDeploymentPostprocessing = 0;
		};
/* End PBXSourcesBuildPhase section */

/* Begin PBXVariantGroup section */
		9DEDE82B1E6D217B00430E85 /* Main.storyboard */ = {
			isa = PBXVariantGroup;
			children = (
				9DEDE82C1E6D217B00430E85 /* Base */,
			);
			name = Main.storyboard;
			sourceTree = "<group>";
		};
		9DEDE8331E6D217B00430E85 /* LaunchScreen.storyboard */ = {
			isa = PBXVariantGroup;
			children = (
				9DEDE8341E6D217B00430E85 /* Base */,
			);
			name = LaunchScreen.storyboard;
			sourceTree = "<group>";
		};
/* End PBXVariantGroup section */

/* Begin XCBuildConfiguration section */
		9DEDE8371E6D217B00430E85 /* Debug */ = {
			isa = XCBuildConfiguration;
			buildSettings = {
				ALWAYS_SEARCH_USER_PATHS = NO;
				CLANG_ANALYZER_NONNULL = YES;
				CLANG_CXX_LANGUAGE_STANDARD = "gnu++0x";
				CLANG_CXX_LIBRARY = "libc++";
				CLANG_ENABLE_MODULES = YES;
				CLANG_ENABLE_OBJC_ARC = YES;
				CLANG_WARN_BOOL_CONVERSION = YES;
				CLANG_WARN_CONSTANT_CONVERSION = YES;
				CLANG_WARN_DIRECT_OBJC_ISA_USAGE = YES_ERROR;
				CLANG_WARN_DOCUMENTATION_COMMENTS = YES;
				CLANG_WARN_EMPTY_BODY = YES;
				CLANG_WARN_ENUM_CONVERSION = YES;
				CLANG_WARN_INFINITE_RECURSION = YES;
				CLANG_WARN_INT_CONVERSION = YES;
				CLANG_WARN_OBJC_ROOT_CLASS = YES_ERROR;
				CLANG_WARN_SUSPICIOUS_MOVE = YES;
				CLANG_WARN_UNREACHABLE_CODE = YES;
				CLANG_WARN__DUPLICATE_METHOD_MATCH = YES;
				"CODE_SIGN_IDENTITY[sdk=iphoneos*]" = "iPhone Developer";
				COPY_PHASE_STRIP = NO;
				DEBUG_INFORMATION_FORMAT = dwarf;
				ENABLE_STRICT_OBJC_MSGSEND = YES;
				ENABLE_TESTABILITY = YES;
				GCC_C_LANGUAGE_STANDARD = gnu99;
				GCC_DYNAMIC_NO_PIC = NO;
				GCC_NO_COMMON_BLOCKS = YES;
				GCC_OPTIMIZATION_LEVEL = 0;
				GCC_PREPROCESSOR_DEFINITIONS = (
					"DEBUG=1",
					"$(inherited)",
				);
				GCC_WARN_64_TO_32_BIT_CONVERSION = YES;
				GCC_WARN_ABOUT_RETURN_TYPE = YES_ERROR;
				GCC_WARN_UNDECLARED_SELECTOR = YES;
				GCC_WARN_UNINITIALIZED_AUTOS = YES_AGGRESSIVE;
				GCC_WARN_UNUSED_FUNCTION = YES;
				GCC_WARN_UNUSED_VARIABLE = YES;
				IPHONEOS_DEPLOYMENT_TARGET = 10.2;
				MTL_ENABLE_DEBUG_INFO = YES;
				ONLY_ACTIVE_ARCH = YES;
				SDKROOT = iphoneos;
				SWIFT_ACTIVE_COMPILATION_CONDITIONS = DEBUG;
				SWIFT_OPTIMIZATION_LEVEL = "-Onone";
			};
			name = Debug;
		};
		9DEDE8381E6D217B00430E85 /* Release */ = {
			isa = XCBuildConfiguration;
			buildSettings = {
				ALWAYS_SEARCH_USER_PATHS = NO;
				CLANG_ANALYZER_NONNULL = YES;
				CLANG_CXX_LANGUAGE_STANDARD = "gnu++0x";
				CLANG_CXX_LIBRARY = "libc++";
				CLANG_ENABLE_MODULES = YES;
				CLANG_ENABLE_OBJC_ARC = YES;
				CLANG_WARN_BOOL_CONVERSION = YES;
				CLANG_WARN_CONSTANT_CONVERSION = YES;
				CLANG_WARN_DIRECT_OBJC_ISA_USAGE = YES_ERROR;
				CLANG_WARN_DOCUMENTATION_COMMENTS = YES;
				CLANG_WARN_EMPTY_BODY = YES;
				CLANG_WARN_ENUM_CONVERSION = YES;
				CLANG_WARN_INFINITE_RECURSION = YES;
				CLANG_WARN_INT_CONVERSION = YES;
				CLANG_WARN_OBJC_ROOT_CLASS = YES_ERROR;
				CLANG_WARN_SUSPICIOUS_MOVE = YES;
				CLANG_WARN_UNREACHABLE_CODE = YES;
				CLANG_WARN__DUPLICATE_METHOD_MATCH = YES;
				"CODE_SIGN_IDENTITY[sdk=iphoneos*]" = "iPhone Developer";
				COPY_PHASE_STRIP = NO;
				DEBUG_INFORMATION_FORMAT = "dwarf-with-dsym";
				ENABLE_NS_ASSERTIONS = NO;
				ENABLE_STRICT_OBJC_MSGSEND = YES;
				GCC_C_LANGUAGE_STANDARD = gnu99;
				GCC_NO_COMMON_BLOCKS = YES;
				GCC_WARN_64_TO_32_BIT_CONVERSION = YES;
				GCC_WARN_ABOUT_RETURN_TYPE = YES_ERROR;
				GCC_WARN_UNDECLARED_SELECTOR = YES;
				GCC_WARN_UNINITIALIZED_AUTOS = YES_AGGRESSIVE;
				GCC_WARN_UNUSED_FUNCTION = YES;
				GCC_WARN_UNUSED_VARIABLE = YES;
				IPHONEOS_DEPLOYMENT_TARGET = 10.2;
				MTL_ENABLE_DEBUG_INFO = NO;
				SDKROOT = iphoneos;
				SWIFT_OPTIMIZATION_LEVEL = "-Owholemodule";
				VALIDATE_PRODUCT = YES;
			};
			name = Release;
		};
		9DEDE83A1E6D217B00430E85 /* Debug */ = {
			isa = XCBuildConfiguration;
			buildSettings = {
				ASSETCATALOG_COMPILER_APPICON_NAME = AppIcon;
				INFOPLIST_FILE = CS247/Info.plist;
				LD_RUNPATH_SEARCH_PATHS = "$(inherited) @executable_path/Frameworks";
				PRODUCT_BUNDLE_IDENTIFIER = edu.stanford.cs247.mxiao26.CS247;
				PRODUCT_NAME = "$(TARGET_NAME)";
				SWIFT_VERSION = 3.0;
			};
			name = Debug;
		};
		9DEDE83B1E6D217B00430E85 /* Release */ = {
			isa = XCBuildConfiguration;
			buildSettings = {
				ASSETCATALOG_COMPILER_APPICON_NAME = AppIcon;
				INFOPLIST_FILE = CS247/Info.plist;
				LD_RUNPATH_SEARCH_PATHS = "$(inherited) @executable_path/Frameworks";
				PRODUCT_BUNDLE_IDENTIFIER = edu.stanford.cs247.mxiao26.CS247;
				PRODUCT_NAME = "$(TARGET_NAME)";
				SWIFT_VERSION = 3.0;
			};
			name = Release;
		};
/* End XCBuildConfiguration section */

/* Begin XCConfigurationList section */
		9DEDE81F1E6D217B00430E85 /* Build configuration list for PBXProject "CS247" */ = {
			isa = XCConfigurationList;
			buildConfigurations = (
				9DEDE8371E6D217B00430E85 /* Debug */,
				9DEDE8381E6D217B00430E85 /* Release */,
			);
			defaultConfigurationIsVisible = 0;
			defaultConfigurationName = Release;
		};
		9DEDE8391E6D217B00430E85 /* Build configuration list for PBXNativeTarget "CS247" */ = {
			isa = XCConfigurationList;
			buildConfigurations = (
				9DEDE83A1E6D217B00430E85 /* Debug */,
				9DEDE83B1E6D217B00430E85 /* Release */,
			);
			defaultConfigurationIsVisible = 0;
		};
/* End XCConfigurationList section */

/* Begin XCVersionGroup section */
		9DEDE82E1E6D217B00430E85 /* CS247.xcdatamodeld */ = {
			isa = XCVersionGroup;
			children = (
				9DEDE82F1E6D217B00430E85 /* CS247.xcdatamodel */,
			);
			currentVersion = 9DEDE82F1E6D217B00430E85 /* CS247.xcdatamodel */;
			path = CS247.xcdatamodeld;
			sourceTree = "<group>";
			versionGroupType = wrapper.xcdatamodel;
		};
/* End XCVersionGroup section */
	};
	rootObject = 9DEDE81C1E6D217B00430E85 /* Project object */;
}
